
Microsoft Visual Studio Solution File, Format Version 12.00
# Visual Studio 15
VisualStudioVersion = 15.0.26124.0
MinimumVisualStudioVersion = 15.0.26124.0
Project("{9A19103F-16F7-4668-BE54-9A1E7A4F7556}") = "CArch.Core", "CArch.Core\CArch.Core.csproj", "{EE77C030-0C5F-4407-BC46-7DAA173B43DA}"
EndProject
Project("{FAE04EC0-301F-11D3-BF4B-00C04F79EFBC}") = "CArch.Infrastructure", "CArch.Infrastructure\CArch.Infrastructure.csproj", "{168A2C60-04BC-490A-8F39-869F43A98CB9}"
EndProject
Project("{FAE04EC0-301F-11D3-BF4B-00C04F79EFBC}") = "CArch.Application", "CArch.Application\CArch.Application.csproj", "{3C1E910B-D779-4807-90D5-B7E3AEFFB0D8}"
EndProject
Project("{FAE04EC0-301F-11D3-BF4B-00C04F79EFBC}") = "CArch.WebAPI", "CArch.WebAPI\CArch.WebAPI.csproj", "{0467FB26-1527-4241-8F58-DC153110DFCB}"
	ProjectSection(ProjectDependencies) = postProject
		{3C1E910B-D779-4807-90D5-B7E3AEFFB0D8} = {3C1E910B-D779-4807-90D5-B7E3AEFFB0D8}
	EndProjectSection
EndProject
Global
	GlobalSection(SolutionConfigurationPlatforms) = preSolution
		Debug|Any CPU = Debug|Any CPU
		Debug|x64 = Debug|x64
		Debug|x86 = Debug|x86
		Release|Any CPU = Release|Any CPU
		Release|x64 = Release|x64
		Release|x86 = Release|x86
	EndGlobalSection
	GlobalSection(ProjectConfigurationPlatforms) = postSolution
		{EE77C030-0C5F-4407-BC46-7DAA173B43DA}.Debug|Any CPU.ActiveCfg = Debug|Any CPU
		{EE77C030-0C5F-4407-BC46-7DAA173B43DA}.Debug|Any CPU.Build.0 = Debug|Any CPU
		{EE77C030-0C5F-4407-BC46-7DAA173B43DA}.Debug|x64.ActiveCfg = Debug|Any CPU
		{EE77C030-0C5F-4407-BC46-7DAA173B43DA}.Debug|x64.Build.0 = Debug|Any CPU
		{EE77C030-0C5F-4407-BC46-7DAA173B43DA}.Debug|x86.ActiveCfg = Debug|Any CPU
		{EE77C030-0C5F-4407-BC46-7DAA173B43DA}.Debug|x86.Build.0 = Debug|Any CPU
		{EE77C030-0C5F-4407-BC46-7DAA173B43DA}.Release|Any CPU.ActiveCfg = Release|Any CPU
		{EE77C030-0C5F-4407-BC46-7DAA173B43DA}.Release|Any CPU.Build.0 = Release|Any CPU
		{EE77C030-0C5F-4407-BC46-7DAA173B43DA}.Release|x64.ActiveCfg = Release|Any CPU
		{EE77C030-0C5F-4407-BC46-7DAA173B43DA}.Release|x64.Build.0 = Release|Any CPU
		{EE77C030-0C5F-4407-BC46-7DAA173B43DA}.Release|x86.ActiveCfg = Release|Any CPU
		{EE77C030-0C5F-4407-BC46-7DAA173B43DA}.Release|x86.Build.0 = Release|Any CPU
		{168A2C60-04BC-490A-8F39-869F43A98CB9}.Debug|Any CPU.ActiveCfg = Debug|Any CPU
		{168A2C60-04BC-490A-8F39-869F43A98CB9}.Debug|Any CPU.Build.0 = Debug|Any CPU
		{168A2C60-04BC-490A-8F39-869F43A98CB9}.Debug|x64.ActiveCfg = Debug|Any CPU
		{168A2C60-04BC-490A-8F39-869F43A98CB9}.Debug|x64.Build.0 = Debug|Any CPU
		{168A2C60-04BC-490A-8F39-869F43A98CB9}.Debug|x86.ActiveCfg = Debug|Any CPU
		{168A2C60-04BC-490A-8F39-869F43A98CB9}.Debug|x86.Build.0 = Debug|Any CPU
		{168A2C60-04BC-490A-8F39-869F43A98CB9}.Release|Any CPU.ActiveCfg = Release|Any CPU
		{168A2C60-04BC-490A-8F39-869F43A98CB9}.Release|Any CPU.Build.0 = Release|Any CPU
		{168A2C60-04BC-490A-8F39-869F43A98CB9}.Release|x64.ActiveCfg = Release|Any CPU
		{168A2C60-04BC-490A-8F39-869F43A98CB9}.Release|x64.Build.0 = Release|Any CPU
		{168A2C60-04BC-490A-8F39-869F43A98CB9}.Release|x86.ActiveCfg = Release|Any CPU
		{168A2C60-04BC-490A-8F39-869F43A98CB9}.Release|x86.Build.0 = Release|Any CPU
		{3C1E910B-D779-4807-90D5-B7E3AEFFB0D8}.Debug|Any CPU.ActiveCfg = Debug|Any CPU
		{3C1E910B-D779-4807-90D5-B7E3AEFFB0D8}.Debug|Any CPU.Build.0 = Debug|Any CPU
		{3C1E910B-D779-4807-90D5-B7E3AEFFB0D8}.Debug|x64.ActiveCfg = Debug|Any CPU
		{3C1E910B-D779-4807-90D5-B7E3AEFFB0D8}.Debug|x64.Build.0 = Debug|Any CPU
		{3C1E910B-D779-4807-90D5-B7E3AEFFB0D8}.Debug|x86.ActiveCfg = Debug|Any CPU
		{3C1E910B-D779-4807-90D5-B7E3AEFFB0D8}.Debug|x86.Build.0 = Debug|Any CPU
		{3C1E910B-D779-4807-90D5-B7E3AEFFB0D8}.Release|Any CPU.ActiveCfg = Release|Any CPU
		{3C1E910B-D779-4807-90D5-B7E3AEFFB0D8}.Release|Any CPU.Build.0 = Release|Any CPU
		{3C1E910B-D779-4807-90D5-B7E3AEFFB0D8}.Release|x64.ActiveCfg = Release|Any CPU
		{3C1E910B-D779-4807-90D5-B7E3AEFFB0D8}.Release|x64.Build.0 = Release|Any CPU
		{3C1E910B-D779-4807-90D5-B7E3AEFFB0D8}.Release|x86.ActiveCfg = Release|Any CPU
		{3C1E910B-D779-4807-90D5-B7E3AEFFB0D8}.Release|x86.Build.0 = Release|Any CPU
		{0467FB26-1527-4241-8F58-DC153110DFCB}.Debug|Any CPU.ActiveCfg = Debug|Any CPU
		{0467FB26-1527-4241-8F58-DC153110DFCB}.Debug|Any CPU.Build.0 = Debug|Any CPU
		{0467FB26-1527-4241-8F58-DC153110DFCB}.Debug|x64.ActiveCfg = Debug|Any CPU
		{0467FB26-1527-4241-8F58-DC153110DFCB}.Debug|x64.Build.0 = Debug|Any CPU
		{0467FB26-1527-4241-8F58-DC153110DFCB}.Debug|x86.ActiveCfg = Debug|Any CPU
		{0467FB26-1527-4241-8F58-DC153110DFCB}.Debug|x86.Build.0 = Debug|Any CPU
		{0467FB26-1527-4241-8F58-DC153110DFCB}.Release|Any CPU.ActiveCfg = Release|Any CPU
		{0467FB26-1527-4241-8F58-DC153110DFCB}.Release|Any CPU.Build.0 = Release|Any CPU
		{0467FB26-1527-4241-8F58-DC153110DFCB}.Release|x64.ActiveCfg = Release|Any CPU
		{0467FB26-1527-4241-8F58-DC153110DFCB}.Release|x64.Build.0 = Release|Any CPU
		{0467FB26-1527-4241-8F58-DC153110DFCB}.Release|x86.ActiveCfg = Release|Any CPU
		{0467FB26-1527-4241-8F58-DC153110DFCB}.Release|x86.Build.0 = Release|Any CPU
	EndGlobalSection
	GlobalSection(SolutionProperties) = preSolution
		HideSolutionNode = FALSE
	EndGlobalSection
	GlobalSection(ExtensibilityGlobals) = postSolution
		SolutionGuid = {1A8CC7D9-1F5B-415E-916E-2DF5E2FC0A5F}
	EndGlobalSection
EndGlobal
